{
    "_readme": [
        "This file locks the dependencies of your project to a known state",
        "Read more about it at https://getcomposer.org/doc/01-basic-usage.md#composer-lock-the-lock-file",
        "This file is @generated automatically"
    ],
    "content-hash": "4c24c13956df9d687e2758e753c25c3d",
    "packages": [
        {
            "name": "amphp/amp",
            "version": "v2.0.2",
            "source": {
                "type": "git",
                "url": "https://github.com/amphp/amp.git",
                "reference": "8b136336a9af595d00681c1407ef598ccfa599ab"
            },
            "dist": {
                "type": "zip",
                "url": "https://api.github.com/repos/amphp/amp/zipball/8b136336a9af595d00681c1407ef598ccfa599ab",
                "reference": "8b136336a9af595d00681c1407ef598ccfa599ab",
                "shasum": ""
            },
            "require": {
                "php": ">=7"
            },
            "require-dev": {
                "amphp/phpunit-util": "^1",
                "friendsofphp/php-cs-fixer": "^2.3",
                "phpunit/phpunit": "^6.0.9",
                "react/promise": "^2"
            },
            "type": "library",
            "extra": {
                "branch-alias": {
                    "dev-master": "2.0.x-dev"
                }
            },
            "autoload": {
                "psr-4": {
                    "Amp\\": "lib"
                },
                "files": [
                    "lib/functions.php",
                    "lib/Internal/functions.php"
                ]
            },
            "notification-url": "https://packagist.org/downloads/",
            "license": [
                "MIT"
            ],
            "authors": [
                {
                    "name": "Bob Weinand",
                    "email": "bobwei9@hotmail.com"
                },
                {
                    "name": "Niklas Keller",
                    "email": "me@kelunik.com"
                },
                {
                    "name": "Daniel Lowrey",
                    "email": "rdlowrey@php.net"
                },
                {
                    "name": "Aaron Piotrowski",
                    "email": "aaron@trowski.com"
                }
            ],
            "description": "A non-blocking concurrency framework for PHP applications.",
            "homepage": "http://amphp.org/amp",
            "keywords": [
                "async",
                "asynchronous",
                "awaitable",
                "concurrency",
                "event",
                "event-loop",
                "future",
                "non-blocking",
                "promise"
            ],
            "time": "2017-09-19T19:08:25+00:00"
        },
        {
            "name": "amphp/byte-stream",
            "version": "v1.1.5",
            "source": {
                "type": "git",
                "url": "https://github.com/amphp/byte-stream.git",
                "reference": "d60ba033c41d3329419575f2fbb02230855c258e"
            },
            "dist": {
                "type": "zip",
                "url": "https://api.github.com/repos/amphp/byte-stream/zipball/d60ba033c41d3329419575f2fbb02230855c258e",
                "reference": "d60ba033c41d3329419575f2fbb02230855c258e",
                "shasum": ""
            },
            "require": {
                "amphp/amp": "^2"
            },
            "require-dev": {
                "amphp/phpunit-util": "^1",
                "friendsofphp/php-cs-fixer": "^2.3",
                "phpunit/phpunit": "^6"
            },
            "type": "library",
            "autoload": {
                "psr-4": {
                    "Amp\\ByteStream\\": "lib"
                },
                "files": [
                    "lib/functions.php"
                ]
            },
            "notification-url": "https://packagist.org/downloads/",
            "license": [
                "MIT"
            ],
            "authors": [
                {
                    "name": "Niklas Keller",
                    "email": "me@kelunik.com"
                },
                {
                    "name": "Aaron Piotrowski",
                    "email": "aaron@trowski.com"
                }
            ],
            "description": "A stream abstraction to make working with non-blocking I/O simple.",
            "homepage": "http://amphp.org/byte-stream",
            "keywords": [
                "amp",
                "amphp",
                "async",
                "io",
                "non-blocking",
                "stream"
            ],
            "time": "2017-10-08T10:38:01+00:00"
        },
        {
            "name": "amphp/parallel",
            "version": "v0.1.8",
            "source": {
                "type": "git",
                "url": "https://github.com/amphp/parallel.git",
                "reference": "25b9a2a75c4a6ba4815775267822066abab1054a"
            },
            "dist": {
                "type": "zip",
                "url": "https://api.github.com/repos/amphp/parallel/zipball/25b9a2a75c4a6ba4815775267822066abab1054a",
                "reference": "25b9a2a75c4a6ba4815775267822066abab1054a",
                "shasum": ""
            },
            "require": {
                "amphp/amp": "^2",
                "amphp/byte-stream": "^1.1",
                "amphp/parser": "^1",
                "amphp/process": "^0.2"
            },
            "require-dev": {
                "amphp/phpunit-util": "^1",
                "friendsofphp/php-cs-fixer": "^2.3",
                "phpunit/phpunit": "^6"
            },
            "suggest": {
                "ext-pcntl": "Required for fork contexts",
                "ext-pthreads": "Required for thread contexts",
                "ext-sysvsem": "Required for fork synchronization",
                "ext-sysvshm": "Required for fork contexts"
            },
            "type": "library",
            "extra": {
                "branch-alias": {
                    "dev-master": "0.1.x-dev"
                }
            },
            "autoload": {
                "psr-4": {
                    "Amp\\Parallel\\": "lib"
                },
                "files": [
                    "lib/Worker/functions.php"
                ]
            },
            "notification-url": "https://packagist.org/downloads/",
            "license": [
                "MIT"
            ],
            "authors": [
                {
                    "name": "Stephen Coakley",
                    "email": "me@stephencoakley.com"
                },
                {
                    "name": "Aaron Piotrowski",
                    "email": "aaron@trowski.com"
                }
            ],
            "description": "Parallel processing component for Amp.",
            "homepage": "https://github.com/amphp/parallel",
            "keywords": [
                "async",
                "asynchronous",
                "concurrent",
                "multi-processing",
                "multi-threading"
            ],
            "time": "2017-07-18T03:59:56+00:00"
        },
        {
            "name": "amphp/parser",
            "version": "v1.0.0",
            "source": {
                "type": "git",
                "url": "https://github.com/amphp/parser.git",
                "reference": "f83e68f03d5b8e8e0365b8792985a7f341c57ae1"
            },
            "dist": {
                "type": "zip",
                "url": "https://api.github.com/repos/amphp/parser/zipball/f83e68f03d5b8e8e0365b8792985a7f341c57ae1",
                "reference": "f83e68f03d5b8e8e0365b8792985a7f341c57ae1",
                "shasum": ""
            },
            "require": {
                "php": ">=7"
            },
            "require-dev": {
                "friendsofphp/php-cs-fixer": "^2.3",
                "phpunit/phpunit": "^6"
            },
            "type": "library",
            "autoload": {
                "psr-4": {
                    "Amp\\Parser\\": "lib"
                }
            },
            "notification-url": "https://packagist.org/downloads/",
            "license": [
                "MIT"
            ],
            "authors": [
                {
                    "name": "Niklas Keller",
                    "email": "me@kelunik.com"
                },
                {
                    "name": "Aaron Piotrowski",
                    "email": "aaron@trowski.com"
                }
            ],
            "description": "A generator parser to make streaming parsers simple.",
            "homepage": "https://github.com/amphp/parser",
            "keywords": [
                "async",
                "non-blocking",
                "parser",
                "stream"
            ],
            "time": "2017-06-06T05:29:10+00:00"
        },
        {
            "name": "amphp/process",
            "version": "v0.2.1",
            "source": {
                "type": "git",
                "url": "https://github.com/amphp/process.git",
                "reference": "5aa6040fcf5c98bfb4f4a8e68305cb6cd6a3d37a"
            },
            "dist": {
                "type": "zip",
                "url": "https://api.github.com/repos/amphp/process/zipball/5aa6040fcf5c98bfb4f4a8e68305cb6cd6a3d37a",
                "reference": "5aa6040fcf5c98bfb4f4a8e68305cb6cd6a3d37a",
                "shasum": ""
            },
            "require": {
                "amphp/amp": "^2",
                "amphp/byte-stream": "^1"
            },
            "require-dev": {
                "amphp/phpunit-util": "^1",
                "friendsofphp/php-cs-fixer": "^2.3",
                "kelunik/fqn-check": "^0.1.3",
                "phpunit/phpunit": "^6"
            },
            "type": "library",
            "autoload": {
                "psr-4": {
                    "Amp\\Process\\": "lib"
                }
            },
            "notification-url": "https://packagist.org/downloads/",
            "license": [
                "MIT"
            ],
            "authors": [
                {
                    "name": "Bob Weinand",
                    "email": "bobwei9@hotmail.com"
                },
                {
                    "name": "Aaron Piotrowski",
                    "email": "aaron@trowski.com"
                }
            ],
            "description": "Asynchronous process manager",
            "homepage": "https://github.com/amphp/process",
            "time": "2017-07-18T03:37:19+00:00"
        },
        {
            "name": "paragonie/random_compat",
            "version": "v2.0.11",
            "source": {
                "type": "git",
                "url": "https://github.com/paragonie/random_compat.git",
                "reference": "5da4d3c796c275c55f057af5a643ae297d96b4d8"
            },
            "dist": {
                "type": "zip",
                "url": "https://api.github.com/repos/paragonie/random_compat/zipball/5da4d3c796c275c55f057af5a643ae297d96b4d8",
                "reference": "5da4d3c796c275c55f057af5a643ae297d96b4d8",
                "shasum": ""
            },
            "require": {
                "php": ">=5.2.0"
            },
            "require-dev": {
                "phpunit/phpunit": "4.*|5.*"
            },
            "suggest": {
                "ext-libsodium": "Provides a modern crypto API that can be used to generate random bytes."
            },
            "type": "library",
            "autoload": {
                "files": [
                    "lib/random.php"
                ]
            },
            "notification-url": "https://packagist.org/downloads/",
            "license": [
                "MIT"
            ],
            "authors": [
                {
                    "name": "Paragon Initiative Enterprises",
                    "email": "security@paragonie.com",
                    "homepage": "https://paragonie.com"
                }
            ],
            "description": "PHP 5.x polyfill for random_bytes() and random_int() from PHP 7",
            "keywords": [
                "csprng",
                "pseudorandom",
                "random"
            ],
            "time": "2017-09-27T21:40:39+00:00"
        },
        {
            "name": "psr/log",
            "version": "1.0.2",
            "source": {
                "type": "git",
                "url": "https://github.com/php-fig/log.git",
                "reference": "4ebe3a8bf773a19edfe0a84b6585ba3d401b724d"
            },
            "dist": {
                "type": "zip",
                "url": "https://api.github.com/repos/php-fig/log/zipball/4ebe3a8bf773a19edfe0a84b6585ba3d401b724d",
                "reference": "4ebe3a8bf773a19edfe0a84b6585ba3d401b724d",
                "shasum": ""
            },
            "require": {
                "php": ">=5.3.0"
            },
            "type": "library",
            "extra": {
                "branch-alias": {
                    "dev-master": "1.0.x-dev"
                }
            },
            "autoload": {
                "psr-4": {
                    "Psr\\Log\\": "Psr/Log/"
                }
            },
            "notification-url": "https://packagist.org/downloads/",
            "license": [
                "MIT"
            ],
            "authors": [
                {
                    "name": "PHP-FIG",
                    "homepage": "http://www.php-fig.org/"
                }
            ],
            "description": "Common interface for logging libraries",
            "homepage": "https://github.com/php-fig/log",
            "keywords": [
                "log",
                "psr",
                "psr-3"
            ],
            "time": "2016-10-10T12:19:37+00:00"
        },
        {
            "name": "ramsey/uuid",
            "version": "3.7.1",
            "source": {
                "type": "git",
                "url": "https://github.com/ramsey/uuid.git",
                "reference": "45cffe822057a09e05f7bd09ec5fb88eeecd2334"
            },
            "dist": {
                "type": "zip",
                "url": "https://api.github.com/repos/ramsey/uuid/zipball/45cffe822057a09e05f7bd09ec5fb88eeecd2334",
                "reference": "45cffe822057a09e05f7bd09ec5fb88eeecd2334",
                "shasum": ""
            },
            "require": {
                "paragonie/random_compat": "^1.0|^2.0",
                "php": "^5.4 || ^7.0"
            },
            "replace": {
                "rhumsaa/uuid": "self.version"
            },
            "require-dev": {
                "apigen/apigen": "^4.1",
                "codeception/aspect-mock": "^1.0 | ^2.0",
                "doctrine/annotations": "~1.2.0",
                "goaop/framework": "1.0.0-alpha.2 | ^1.0 | ^2.1",
                "ircmaxell/random-lib": "^1.1",
                "jakub-onderka/php-parallel-lint": "^0.9.0",
                "mockery/mockery": "^0.9.4",
                "moontoast/math": "^1.1",
                "php-mock/php-mock-phpunit": "^0.3|^1.1",
                "phpunit/phpunit": "^4.7|>=5.0 <5.4",
                "satooshi/php-coveralls": "^0.6.1",
                "squizlabs/php_codesniffer": "^2.3"
            },
            "suggest": {
                "ext-libsodium": "Provides the PECL libsodium extension for use with the SodiumRandomGenerator",
                "ext-uuid": "Provides the PECL UUID extension for use with the PeclUuidTimeGenerator and PeclUuidRandomGenerator",
                "ircmaxell/random-lib": "Provides RandomLib for use with the RandomLibAdapter",
                "moontoast/math": "Provides support for converting UUID to 128-bit integer (in string form).",
                "ramsey/uuid-console": "A console application for generating UUIDs with ramsey/uuid",
                "ramsey/uuid-doctrine": "Allows the use of Ramsey\\Uuid\\Uuid as Doctrine field type."
            },
            "type": "library",
            "extra": {
                "branch-alias": {
                    "dev-master": "3.x-dev"
                }
            },
            "autoload": {
                "psr-4": {
                    "Ramsey\\Uuid\\": "src/"
                }
            },
            "notification-url": "https://packagist.org/downloads/",
            "license": [
                "MIT"
            ],
            "authors": [
                {
                    "name": "Marijn Huizendveld",
                    "email": "marijn.huizendveld@gmail.com"
                },
                {
                    "name": "Thibaud Fabre",
                    "email": "thibaud@aztech.io"
                },
                {
                    "name": "Ben Ramsey",
                    "email": "ben@benramsey.com",
                    "homepage": "https://benramsey.com"
                }
            ],
            "description": "Formerly rhumsaa/uuid. A PHP 5.4+ library for generating RFC 4122 version 1, 3, 4, and 5 universally unique identifiers (UUID).",
            "homepage": "https://github.com/ramsey/uuid",
            "keywords": [
                "guid",
                "identifier",
                "uuid"
            ],
            "time": "2017-09-22T20:46:04+00:00"
        },
        {
            "name": "rpq/client",
            "version": "dev-master",
            "source": {
                "type": "git",
                "url": "https://github.com/charlesportwoodii/rpq-client.git",
                "reference": "292b6d0aa290f2de924e5fa80d7880d520b4cc50"
            },
            "dist": {
                "type": "zip",
                "url": "https://api.github.com/repos/charlesportwoodii/rpq-client/zipball/292b6d0aa290f2de924e5fa80d7880d520b4cc50",
                "reference": "292b6d0aa290f2de924e5fa80d7880d520b4cc50",
                "shasum": ""
            },
            "require": {
                "ext-redis": "^3.1.0",
                "php": "^7.1",
                "ramsey/uuid": "^3.7.1"
            },
            "require-dev": {
                "phpunit/phpunit": "^6.4.1"
            },
            "type": "library",
            "autoload": {
                "psr-4": {
                    "RPQ\\": "src/"
                }
            },
            "notification-url": "https://packagist.org/downloads/",
            "license": [
                "BSD-3-Clause"
            ],
            "authors": [
                {
                    "name": "Charles R. Portwood II",
                    "email": "charlesportwoodii@erianna.com"
                }
            ],
            "description": "Redis Priority Queue Client implementation in pure PHP",
            "time": "2017-10-16T17:02:15+00:00"
        },
        {
            "name": "symfony/console",
            "version": "v3.3.10",
            "source": {
                "type": "git",
                "url": "https://github.com/symfony/console.git",
                "reference": "116bc56e45a8e5572e51eb43ab58c769a352366c"
            },
            "dist": {
                "type": "zip",
                "url": "https://api.github.com/repos/symfony/console/zipball/116bc56e45a8e5572e51eb43ab58c769a352366c",
                "reference": "116bc56e45a8e5572e51eb43ab58c769a352366c",
                "shasum": ""
            },
            "require": {
                "php": "^5.5.9|>=7.0.8",
                "symfony/debug": "~2.8|~3.0",
                "symfony/polyfill-mbstring": "~1.0"
            },
            "conflict": {
                "symfony/dependency-injection": "<3.3"
            },
            "require-dev": {
                "psr/log": "~1.0",
                "symfony/config": "~3.3",
                "symfony/dependency-injection": "~3.3",
                "symfony/event-dispatcher": "~2.8|~3.0",
                "symfony/filesystem": "~2.8|~3.0",
                "symfony/process": "~2.8|~3.0"
            },
            "suggest": {
                "psr/log": "For using the console logger",
                "symfony/event-dispatcher": "",
                "symfony/filesystem": "",
                "symfony/process": ""
            },
            "type": "library",
            "extra": {
                "branch-alias": {
                    "dev-master": "3.3-dev"
                }
            },
            "autoload": {
                "psr-4": {
                    "Symfony\\Component\\Console\\": ""
                },
                "exclude-from-classmap": [
                    "/Tests/"
                ]
            },
            "notification-url": "https://packagist.org/downloads/",
            "license": [
                "MIT"
            ],
            "authors": [
                {
                    "name": "Fabien Potencier",
                    "email": "fabien@symfony.com"
                },
                {
                    "name": "Symfony Community",
                    "homepage": "https://symfony.com/contributors"
                }
            ],
            "description": "Symfony Console Component",
            "homepage": "https://symfony.com",
            "time": "2017-10-02T06:42:24+00:00"
        },
        {
            "name": "symfony/debug",
            "version": "v3.3.10",
            "source": {
                "type": "git",
                "url": "https://github.com/symfony/debug.git",
                "reference": "eb95d9ce8f18dcc1b3dfff00cb624c402be78ffd"
            },
            "dist": {
                "type": "zip",
                "url": "https://api.github.com/repos/symfony/debug/zipball/eb95d9ce8f18dcc1b3dfff00cb624c402be78ffd",
                "reference": "eb95d9ce8f18dcc1b3dfff00cb624c402be78ffd",
                "shasum": ""
            },
            "require": {
                "php": "^5.5.9|>=7.0.8",
                "psr/log": "~1.0"
            },
            "conflict": {
                "symfony/http-kernel": ">=2.3,<2.3.24|~2.4.0|>=2.5,<2.5.9|>=2.6,<2.6.2"
            },
            "require-dev": {
                "symfony/http-kernel": "~2.8|~3.0"
            },
            "type": "library",
            "extra": {
                "branch-alias": {
                    "dev-master": "3.3-dev"
                }
            },
            "autoload": {
                "psr-4": {
                    "Symfony\\Component\\Debug\\": ""
                },
                "exclude-from-classmap": [
                    "/Tests/"
                ]
            },
            "notification-url": "https://packagist.org/downloads/",
            "license": [
                "MIT"
            ],
            "authors": [
                {
                    "name": "Fabien Potencier",
                    "email": "fabien@symfony.com"
                },
                {
                    "name": "Symfony Community",
                    "homepage": "https://symfony.com/contributors"
                }
            ],
            "description": "Symfony Debug Component",
            "homepage": "https://symfony.com",
            "time": "2017-10-02T06:42:24+00:00"
        },
        {
            "name": "symfony/polyfill-mbstring",
            "version": "v1.5.0",
            "source": {
                "type": "git",
                "url": "https://github.com/symfony/polyfill-mbstring.git",
                "reference": "7c8fae0ac1d216eb54349e6a8baa57d515fe8803"
            },
            "dist": {
                "type": "zip",
                "url": "https://api.github.com/repos/symfony/polyfill-mbstring/zipball/7c8fae0ac1d216eb54349e6a8baa57d515fe8803",
                "reference": "7c8fae0ac1d216eb54349e6a8baa57d515fe8803",
                "shasum": ""
            },
            "require": {
                "php": ">=5.3.3"
            },
            "suggest": {
                "ext-mbstring": "For best performance"
            },
            "type": "library",
            "extra": {
                "branch-alias": {
                    "dev-master": "1.5-dev"
                }
            },
            "autoload": {
                "psr-4": {
                    "Symfony\\Polyfill\\Mbstring\\": ""
                },
                "files": [
                    "bootstrap.php"
                ]
            },
            "notification-url": "https://packagist.org/downloads/",
            "license": [
                "MIT"
            ],
            "authors": [
                {
                    "name": "Nicolas Grekas",
                    "email": "p@tchwork.com"
                },
                {
                    "name": "Symfony Community",
                    "homepage": "https://symfony.com/contributors"
                }
            ],
            "description": "Symfony polyfill for the Mbstring extension",
            "homepage": "https://symfony.com",
            "keywords": [
                "compatibility",
                "mbstring",
                "polyfill",
                "portable",
                "shim"
            ],
            "time": "2017-06-14T15:44:48+00:00"
        },
        {
            "name": "symfony/yaml",
            "version": "v3.3.10",
            "source": {
                "type": "git",
                "url": "https://github.com/symfony/yaml.git",
                "reference": "8c7bf1e7d5d6b05a690b715729cb4cd0c0a99c46"
            },
            "dist": {
                "type": "zip",
                "url": "https://api.github.com/repos/symfony/yaml/zipball/8c7bf1e7d5d6b05a690b715729cb4cd0c0a99c46",
                "reference": "8c7bf1e7d5d6b05a690b715729cb4cd0c0a99c46",
                "shasum": ""
            },
            "require": {
                "php": "^5.5.9|>=7.0.8"
            },
            "require-dev": {
                "symfony/console": "~2.8|~3.0"
            },
            "suggest": {
                "symfony/console": "For validating YAML files using the lint command"
            },
            "type": "library",
            "extra": {
                "branch-alias": {
                    "dev-master": "3.3-dev"
                }
            },
            "autoload": {
                "psr-4": {
                    "Symfony\\Component\\Yaml\\": ""
                },
                "exclude-from-classmap": [
                    "/Tests/"
                ]
            },
            "notification-url": "https://packagist.org/downloads/",
            "license": [
                "MIT"
            ],
            "authors": [
                {
                    "name": "Fabien Potencier",
                    "email": "fabien@symfony.com"
                },
                {
                    "name": "Symfony Community",
                    "homepage": "https://symfony.com/contributors"
                }
            ],
            "description": "Symfony Yaml Component",
            "homepage": "https://symfony.com",
            "time": "2017-10-05T14:43:42+00:00"
        }
    ],
    "packages-dev": [],
    "aliases": [],
    "minimum-stability": "stable",
    "stability-flags": {
        "rpq/client": 20
    },
    "prefer-stable": false,
    "prefer-lowest": false,
    "platform": {
        "php": "^7.1",
        "ext-redis": "^3.1.0"
    },
    "platform-dev": []
}
